
Microsoft Visual Studio Solution File, Format Version 12.00
# Visual Studio 15
VisualStudioVersion = 15.0.26124.0
MinimumVisualStudioVersion = 15.0.26124.0
Project("{2150E333-8FDC-42A3-9474-1A3956D46DE8}") = "src", "src", "{BB754B74-9FC6-45C4-8984-737E7A92A8F8}"
EndProject
Project("{FAE04EC0-301F-11D3-BF4B-00C04F79EFBC}") = "DapperCSharp.Domain", "src\DapperCSharp.Domain\DapperCSharp.Domain.csproj", "{5DFDF3B2-4B65-426C-AA22-0E27E7D78FF0}"
EndProject
Project("{FAE04EC0-301F-11D3-BF4B-00C04F79EFBC}") = "DapperCSharp.Data.Infra", "src\DapperCSharp.Data.Infra\DapperCSharp.Data.Infra.csproj", "{D0400419-6CAB-4A35-8758-16E02C975E72}"
EndProject
Project("{FAE04EC0-301F-11D3-BF4B-00C04F79EFBC}") = "DapperCSharp.Presentation.Prompt", "src\DapperCSharp.Presentation.Prompt\DapperCSharp.Presentation.Prompt.csproj", "{6FCF6D02-B1F6-4000-8B23-B1E9D6EC9164}"
EndProject
Global
	GlobalSection(SolutionConfigurationPlatforms) = preSolution
		Debug|Any CPU = Debug|Any CPU
		Debug|x64 = Debug|x64
		Debug|x86 = Debug|x86
		Release|Any CPU = Release|Any CPU
		Release|x64 = Release|x64
		Release|x86 = Release|x86
	EndGlobalSection
	GlobalSection(SolutionProperties) = preSolution
		HideSolutionNode = FALSE
	EndGlobalSection
	GlobalSection(ProjectConfigurationPlatforms) = postSolution
		{5DFDF3B2-4B65-426C-AA22-0E27E7D78FF0}.Debug|Any CPU.ActiveCfg = Debug|Any CPU
		{5DFDF3B2-4B65-426C-AA22-0E27E7D78FF0}.Debug|Any CPU.Build.0 = Debug|Any CPU
		{5DFDF3B2-4B65-426C-AA22-0E27E7D78FF0}.Debug|x64.ActiveCfg = Debug|Any CPU
		{5DFDF3B2-4B65-426C-AA22-0E27E7D78FF0}.Debug|x64.Build.0 = Debug|Any CPU
		{5DFDF3B2-4B65-426C-AA22-0E27E7D78FF0}.Debug|x86.ActiveCfg = Debug|Any CPU
		{5DFDF3B2-4B65-426C-AA22-0E27E7D78FF0}.Debug|x86.Build.0 = Debug|Any CPU
		{5DFDF3B2-4B65-426C-AA22-0E27E7D78FF0}.Release|Any CPU.ActiveCfg = Release|Any CPU
		{5DFDF3B2-4B65-426C-AA22-0E27E7D78FF0}.Release|Any CPU.Build.0 = Release|Any CPU
		{5DFDF3B2-4B65-426C-AA22-0E27E7D78FF0}.Release|x64.ActiveCfg = Release|Any CPU
		{5DFDF3B2-4B65-426C-AA22-0E27E7D78FF0}.Release|x64.Build.0 = Release|Any CPU
		{5DFDF3B2-4B65-426C-AA22-0E27E7D78FF0}.Release|x86.ActiveCfg = Release|Any CPU
		{5DFDF3B2-4B65-426C-AA22-0E27E7D78FF0}.Release|x86.Build.0 = Release|Any CPU
		{D0400419-6CAB-4A35-8758-16E02C975E72}.Debug|Any CPU.ActiveCfg = Debug|Any CPU
		{D0400419-6CAB-4A35-8758-16E02C975E72}.Debug|Any CPU.Build.0 = Debug|Any CPU
		{D0400419-6CAB-4A35-8758-16E02C975E72}.Debug|x64.ActiveCfg = Debug|Any CPU
		{D0400419-6CAB-4A35-8758-16E02C975E72}.Debug|x64.Build.0 = Debug|Any CPU
		{D0400419-6CAB-4A35-8758-16E02C975E72}.Debug|x86.ActiveCfg = Debug|Any CPU
		{D0400419-6CAB-4A35-8758-16E02C975E72}.Debug|x86.Build.0 = Debug|Any CPU
		{D0400419-6CAB-4A35-8758-16E02C975E72}.Release|Any CPU.ActiveCfg = Release|Any CPU
		{D0400419-6CAB-4A35-8758-16E02C975E72}.Release|Any CPU.Build.0 = Release|Any CPU
		{D0400419-6CAB-4A35-8758-16E02C975E72}.Release|x64.ActiveCfg = Release|Any CPU
		{D0400419-6CAB-4A35-8758-16E02C975E72}.Release|x64.Build.0 = Release|Any CPU
		{D0400419-6CAB-4A35-8758-16E02C975E72}.Release|x86.ActiveCfg = Release|Any CPU
		{D0400419-6CAB-4A35-8758-16E02C975E72}.Release|x86.Build.0 = Release|Any CPU
		{6FCF6D02-B1F6-4000-8B23-B1E9D6EC9164}.Debug|Any CPU.ActiveCfg = Debug|Any CPU
		{6FCF6D02-B1F6-4000-8B23-B1E9D6EC9164}.Debug|Any CPU.Build.0 = Debug|Any CPU
		{6FCF6D02-B1F6-4000-8B23-B1E9D6EC9164}.Debug|x64.ActiveCfg = Debug|Any CPU
		{6FCF6D02-B1F6-4000-8B23-B1E9D6EC9164}.Debug|x64.Build.0 = Debug|Any CPU
		{6FCF6D02-B1F6-4000-8B23-B1E9D6EC9164}.Debug|x86.ActiveCfg = Debug|Any CPU
		{6FCF6D02-B1F6-4000-8B23-B1E9D6EC9164}.Debug|x86.Build.0 = Debug|Any CPU
		{6FCF6D02-B1F6-4000-8B23-B1E9D6EC9164}.Release|Any CPU.ActiveCfg = Release|Any CPU
		{6FCF6D02-B1F6-4000-8B23-B1E9D6EC9164}.Release|Any CPU.Build.0 = Release|Any CPU
		{6FCF6D02-B1F6-4000-8B23-B1E9D6EC9164}.Release|x64.ActiveCfg = Release|Any CPU
		{6FCF6D02-B1F6-4000-8B23-B1E9D6EC9164}.Release|x64.Build.0 = Release|Any CPU
		{6FCF6D02-B1F6-4000-8B23-B1E9D6EC9164}.Release|x86.ActiveCfg = Release|Any CPU
		{6FCF6D02-B1F6-4000-8B23-B1E9D6EC9164}.Release|x86.Build.0 = Release|Any CPU
	EndGlobalSection
	GlobalSection(NestedProjects) = preSolution
		{5DFDF3B2-4B65-426C-AA22-0E27E7D78FF0} = {BB754B74-9FC6-45C4-8984-737E7A92A8F8}
		{D0400419-6CAB-4A35-8758-16E02C975E72} = {BB754B74-9FC6-45C4-8984-737E7A92A8F8}
		{6FCF6D02-B1F6-4000-8B23-B1E9D6EC9164} = {BB754B74-9FC6-45C4-8984-737E7A92A8F8}
	EndGlobalSection
EndGlobal
